
Microsoft Visual Studio Solution File, Format Version 12.00
Project("{FAE04EC0-301F-11D3-BF4B-00C04F79EFBC}") = "PartitionLabels.UnitTests", "PartitionLabels.UnitTests\PartitionLabels.UnitTests.csproj", "{0D0D01DC-8081-41C9-B18F-FA554BA0600C}"
EndProject
Project("{FAE04EC0-301F-11D3-BF4B-00C04F79EFBC}") = "PartitionLabels", "PartitionLabels\PartitionLabels.csproj", "{C3DC0BCB-D0A9-4970-9EDF-A6368F40A590}"
EndProject
Project("{FAE04EC0-301F-11D3-BF4B-00C04F79EFBC}") = "PartitionLabels.Console", "PartitionLabels.Console\PartitionLabels.Console.csproj", "{2B1386D6-7C9E-451D-AA3F-78C575BEFB6C}"
EndProject
Project("{FAE04EC0-301F-11D3-BF4B-00C04F79EFBC}") = "PartitionLabels.WebAPI", "PartitionLabels.WebAPI\PartitionLabels.WebAPI.csproj", "{3E32AAD0-652F-4088-A8FA-0BBDB0356B85}"
EndProject
Project("{FAE04EC0-301F-11D3-BF4B-00C04F79EFBC}") = "PartitionLabels.APITests", "PartitionLabels.APITests\PartitionLabels.APITests.csproj", "{482E9892-C2FA-4D1F-98DB-50C174A4D3B5}"
EndProject
Project("{FAE04EC0-301F-11D3-BF4B-00C04F79EFBC}") = "PartitionLabels.WebUI", "PartitionLabels.WebUI\PartitionLabels.WebUI.csproj", "{B4B80A06-E63C-469C-9A4E-19714C701B98}"
EndProject
Project("{FAE04EC0-301F-11D3-BF4B-00C04F79EFBC}") = "PartitionLabels.UITests", "PartitionLabels.UITests\PartitionLabels.UITests.csproj", "{375DF9BD-BE44-42ED-B2D6-D252AF76B15E}"
EndProject
Global
	GlobalSection(SolutionConfigurationPlatforms) = preSolution
		Debug|Any CPU = Debug|Any CPU
		Release|Any CPU = Release|Any CPU
	EndGlobalSection
	GlobalSection(ProjectConfigurationPlatforms) = postSolution
		{0D0D01DC-8081-41C9-B18F-FA554BA0600C}.Debug|Any CPU.ActiveCfg = Debug|Any CPU
		{0D0D01DC-8081-41C9-B18F-FA554BA0600C}.Debug|Any CPU.Build.0 = Debug|Any CPU
		{0D0D01DC-8081-41C9-B18F-FA554BA0600C}.Release|Any CPU.ActiveCfg = Release|Any CPU
		{0D0D01DC-8081-41C9-B18F-FA554BA0600C}.Release|Any CPU.Build.0 = Release|Any CPU
		{C3DC0BCB-D0A9-4970-9EDF-A6368F40A590}.Debug|Any CPU.ActiveCfg = Debug|Any CPU
		{C3DC0BCB-D0A9-4970-9EDF-A6368F40A590}.Debug|Any CPU.Build.0 = Debug|Any CPU
		{C3DC0BCB-D0A9-4970-9EDF-A6368F40A590}.Release|Any CPU.ActiveCfg = Release|Any CPU
		{C3DC0BCB-D0A9-4970-9EDF-A6368F40A590}.Release|Any CPU.Build.0 = Release|Any CPU
		{2B1386D6-7C9E-451D-AA3F-78C575BEFB6C}.Debug|Any CPU.ActiveCfg = Debug|Any CPU
		{2B1386D6-7C9E-451D-AA3F-78C575BEFB6C}.Debug|Any CPU.Build.0 = Debug|Any CPU
		{2B1386D6-7C9E-451D-AA3F-78C575BEFB6C}.Release|Any CPU.ActiveCfg = Release|Any CPU
		{2B1386D6-7C9E-451D-AA3F-78C575BEFB6C}.Release|Any CPU.Build.0 = Release|Any CPU
		{3E32AAD0-652F-4088-A8FA-0BBDB0356B85}.Debug|Any CPU.ActiveCfg = Debug|Any CPU
		{3E32AAD0-652F-4088-A8FA-0BBDB0356B85}.Debug|Any CPU.Build.0 = Debug|Any CPU
		{3E32AAD0-652F-4088-A8FA-0BBDB0356B85}.Release|Any CPU.ActiveCfg = Release|Any CPU
		{3E32AAD0-652F-4088-A8FA-0BBDB0356B85}.Release|Any CPU.Build.0 = Release|Any CPU
		{482E9892-C2FA-4D1F-98DB-50C174A4D3B5}.Debug|Any CPU.ActiveCfg = Debug|Any CPU
		{482E9892-C2FA-4D1F-98DB-50C174A4D3B5}.Debug|Any CPU.Build.0 = Debug|Any CPU
		{482E9892-C2FA-4D1F-98DB-50C174A4D3B5}.Release|Any CPU.ActiveCfg = Release|Any CPU
		{482E9892-C2FA-4D1F-98DB-50C174A4D3B5}.Release|Any CPU.Build.0 = Release|Any CPU
		{B4B80A06-E63C-469C-9A4E-19714C701B98}.Debug|Any CPU.ActiveCfg = Debug|Any CPU
		{B4B80A06-E63C-469C-9A4E-19714C701B98}.Debug|Any CPU.Build.0 = Debug|Any CPU
		{B4B80A06-E63C-469C-9A4E-19714C701B98}.Release|Any CPU.ActiveCfg = Release|Any CPU
		{B4B80A06-E63C-469C-9A4E-19714C701B98}.Release|Any CPU.Build.0 = Release|Any CPU
		{375DF9BD-BE44-42ED-B2D6-D252AF76B15E}.Debug|Any CPU.ActiveCfg = Debug|Any CPU
		{375DF9BD-BE44-42ED-B2D6-D252AF76B15E}.Debug|Any CPU.Build.0 = Debug|Any CPU
		{375DF9BD-BE44-42ED-B2D6-D252AF76B15E}.Release|Any CPU.ActiveCfg = Release|Any CPU
		{375DF9BD-BE44-42ED-B2D6-D252AF76B15E}.Release|Any CPU.Build.0 = Release|Any CPU
	EndGlobalSection
EndGlobal
